Microsoft Visual Studio Solution File, Format Version 11.00
# Visual Studio 2008

Project("{E9CBAC80-2CE3-F704-820B-EDF1D9F00356}") = "Dicaprio  should get an oscar", "Assembly-CSharp.csproj", "{299E5D50-37EB-30A3-45C5-F4DECC61DB36}"
EndProject
Global
	GlobalSection(SolutionConfigurationPlatforms) = preSolution
		Debug|Any CPU = Debug|Any CPU
		Release|Any CPU = Release|Any CPU
	EndGlobalSection
	GlobalSection(ProjectConfigurationPlatforms) = postSolution
		{299E5D50-37EB-30A3-45C5-F4DECC61DB36}.Debug|Any CPU.ActiveCfg = Debug|Any CPU
		{299E5D50-37EB-30A3-45C5-F4DECC61DB36}.Debug|Any CPU.Build.0 = Debug|Any CPU
		{299E5D50-37EB-30A3-45C5-F4DECC61DB36}.Release|Any CPU.ActiveCfg = Release|Any CPU
		{299E5D50-37EB-30A3-45C5-F4DECC61DB36}.Release|Any CPU.Build.0 = Release|Any CPU
	EndGlobalSection
	GlobalSection(SolutionProperties) = preSolution
		HideSolutionNode = FALSE
	EndGlobalSection
	GlobalSection(MonoDevelopProperties) = preSolution
		StartupItem = Assembly-CSharp.csproj
	EndGlobalSection
EndGlobal
